
Microsoft Visual Studio Solution File, Format Version 12.00
# Visual Studio Version 16
VisualStudioVersion = 16.0.31424.327
MinimumVisualStudioVersion = 10.0.40219.1
Project("{FAE04EC0-301F-11D3-BF4B-00C04F79EFBC}") = "Constant", "Constant.csproj", "{E3B2DEA6-0696-464C-9C0F-167A60C09893}"
EndProject
Global
	GlobalSection(SolutionConfigurationPlatforms) = preSolution
		Debug|Any CPU = Debug|Any CPU
		Release|Any CPU = Release|Any CPU
	EndGlobalSection
	GlobalSection(ProjectConfigurationPlatforms) = postSolution
		{E3B2DEA6-0696-464C-9C0F-167A60C09893}.Debug|Any CPU.ActiveCfg = Debug|Any CPU
		{E3B2DEA6-0696-464C-9C0F-167A60C09893}.Debug|Any CPU.Build.0 = Debug|Any CPU
		{E3B2DEA6-0696-464C-9C0F-167A60C09893}.Release|Any CPU.ActiveCfg = Release|Any CPU
		{E3B2DEA6-0696-464C-9C0F-167A60C09893}.Release|Any CPU.Build.0 = Release|Any CPU
	EndGlobalSection
	GlobalSection(SolutionProperties) = preSolution
		HideSolutionNode = FALSE
	EndGlobalSection
	GlobalSection(ExtensibilityGlobals) = postSolution
		SolutionGuid = {EE180C8F-CAA5-4F17-B571-C29AD6C01ECA}
	EndGlobalSection
EndGlobal
